
Microsoft Visual Studio Solution File, Format Version 12.00
# Visual Studio Version 17
VisualStudioVersion = 17.13.35931.197
MinimumVisualStudioVersion = 10.0.40219.1
Project("{FAE04EC0-301F-11D3-BF4B-00C04F79EFBC}") = "BlazorApp", "BlazorApp.csproj", "{F6DD6459-D3AE-4CFE-8C52-034E49D7B48E}"
EndProject
Global
	GlobalSection(SolutionConfigurationPlatforms) = preSolution
		Debug|Any CPU = Debug|Any CPU
		Release|Any CPU = Release|Any CPU
	EndGlobalSection
	GlobalSection(ProjectConfigurationPlatforms) = postSolution
		{F6DD6459-D3AE-4CFE-8C52-034E49D7B48E}.Debug|Any CPU.ActiveCfg = Debug|Any CPU
		{F6DD6459-D3AE-4CFE-8C52-034E49D7B48E}.Debug|Any CPU.Build.0 = Debug|Any CPU
		{F6DD6459-D3AE-4CFE-8C52-034E49D7B48E}.Release|Any CPU.ActiveCfg = Release|Any CPU
		{F6DD6459-D3AE-4CFE-8C52-034E49D7B48E}.Release|Any CPU.Build.0 = Release|Any CPU
	EndGlobalSection
	GlobalSection(SolutionProperties) = preSolution
		HideSolutionNode = FALSE
	EndGlobalSection
	GlobalSection(ExtensibilityGlobals) = postSolution
		SolutionGuid = {4291EDFD-8495-415B-9F9D-B945044C7002}
	EndGlobalSection
EndGlobal
